
Microsoft Visual Studio Solution File, Format Version 12.00
# Visual Studio Version 17
VisualStudioVersion = 17.4.33213.308
MinimumVisualStudioVersion = 10.0.40219.1
Project("{FAE04EC0-301F-11D3-BF4B-00C04F79EFBC}") = "task1", "h5\task1.csproj", "{61BBFB3F-1BA3-406F-9704-DBF28DF3C7A1}"
EndProject
Project("{FAE04EC0-301F-11D3-BF4B-00C04F79EFBC}") = "task2", "task2\task2.csproj", "{61C8A546-3132-4FDD-8B65-35CC02C0284D}"
EndProject
Project("{FAE04EC0-301F-11D3-BF4B-00C04F79EFBC}") = "task3", "task3\task3.csproj", "{35DEC710-C859-4D10-954F-713015557A87}"
EndProject
Global
	GlobalSection(SolutionConfigurationPlatforms) = preSolution
		Debug|Any CPU = Debug|Any CPU
		Release|Any CPU = Release|Any CPU
	EndGlobalSection
	GlobalSection(ProjectConfigurationPlatforms) = postSolution
		{61BBFB3F-1BA3-406F-9704-DBF28DF3C7A1}.Debug|Any CPU.ActiveCfg = Debug|Any CPU
		{61BBFB3F-1BA3-406F-9704-DBF28DF3C7A1}.Debug|Any CPU.Build.0 = Debug|Any CPU
		{61BBFB3F-1BA3-406F-9704-DBF28DF3C7A1}.Release|Any CPU.ActiveCfg = Release|Any CPU
		{61BBFB3F-1BA3-406F-9704-DBF28DF3C7A1}.Release|Any CPU.Build.0 = Release|Any CPU
		{61C8A546-3132-4FDD-8B65-35CC02C0284D}.Debug|Any CPU.ActiveCfg = Debug|Any CPU
		{61C8A546-3132-4FDD-8B65-35CC02C0284D}.Debug|Any CPU.Build.0 = Debug|Any CPU
		{61C8A546-3132-4FDD-8B65-35CC02C0284D}.Release|Any CPU.ActiveCfg = Release|Any CPU
		{61C8A546-3132-4FDD-8B65-35CC02C0284D}.Release|Any CPU.Build.0 = Release|Any CPU
		{35DEC710-C859-4D10-954F-713015557A87}.Debug|Any CPU.ActiveCfg = Debug|Any CPU
		{35DEC710-C859-4D10-954F-713015557A87}.Debug|Any CPU.Build.0 = Debug|Any CPU
		{35DEC710-C859-4D10-954F-713015557A87}.Release|Any CPU.ActiveCfg = Release|Any CPU
		{35DEC710-C859-4D10-954F-713015557A87}.Release|Any CPU.Build.0 = Release|Any CPU
	EndGlobalSection
	GlobalSection(SolutionProperties) = preSolution
		HideSolutionNode = FALSE
	EndGlobalSection
	GlobalSection(ExtensibilityGlobals) = postSolution
		SolutionGuid = {44C900AB-B048-47BB-88D2-8D3BE708FCD9}
	EndGlobalSection
EndGlobal
